// !$*UTF8*$!
{
	archiveVersion = 1;
	classes = {
	};
	objectVersion = 46;
	objects = {

/* Begin PBXBuildFile section */
		DD3578BA1672C9B6009C02CD /* fire.jpg in Resources */ = {isa = PBXBuildFile; fileRef = DD3578B81672C9B6009C02CD /* fire.jpg */; };
		DD3578BB1672C9B6009C02CD /* fireThumb.jpg in Resources */ = {isa = PBXBuildFile; fileRef = DD3578B91672C9B6009C02CD /* fireThumb.jpg */; };
		DD3578BF1672CC95009C02CD /* firstPrinter.jpg in Resources */ = {isa = PBXBuildFile; fileRef = DD3578BD1672CC95009C02CD /* firstPrinter.jpg */; };
		DD3578C01672CC95009C02CD /* firstPrinterThumb.jpg in Resources */ = {isa = PBXBuildFile; fileRef = DD3578BE1672CC95009C02CD /* firstPrinterThumb.jpg */; };
		DD3578C31672CE80009C02CD /* flatPatties.jpg in Resources */ = {isa = PBXBuildFile; fileRef = DD3578C11672CE80009C02CD /* flatPatties.jpg */; };
		DD3578C41672CE80009C02CD /* flatPattiesThumb.jpg in Resources */ = {isa = PBXBuildFile; fileRef = DD3578C21672CE80009C02CD /* flatPattiesThumb.jpg */; };
		DD3578C71672D107009C02CD /* grafton.jpg in Resources */ = {isa = PBXBuildFile; fileRef = DD3578C51672D107009C02CD /* grafton.jpg */; };
		DD3578C81672D107009C02CD /* graftonThumb.jpg in Resources */ = {isa = PBXBuildFile; fileRef = DD3578C61672D107009C02CD /* graftonThumb.jpg */; };
		DD3578CB1672D2D5009C02CD /* grendels.jpg in Resources */ = {isa = PBXBuildFile; fileRef = DD3578C91672D2D5009C02CD /* grendels.jpg */; };
		DD3578CC1672D2D5009C02CD /* grendelsThumb.jpg in Resources */ = {isa = PBXBuildFile; fileRef = DD3578CA1672D2D5009C02CD /* grendelsThumb.jpg */; };
		DD3578CF1672D5BF009C02CD /* harvest.jpg in Resources */ = {isa = PBXBuildFile; fileRef = DD3578CD1672D5BF009C02CD /* harvest.jpg */; };
		DD3578D21672D648009C02CD /* harvestThumb.jpg in Resources */ = {isa = PBXBuildFile; fileRef = DD3578D11672D648009C02CD /* harvestThumb.jpg */; };
		DD3578D51672DAAA009C02CD /* hongKong.jpg in Resources */ = {isa = PBXBuildFile; fileRef = DD3578D31672DAAA009C02CD /* hongKong.jpg */; };
		DD3578D61672DAAA009C02CD /* hongKongThumb.jpg in Resources */ = {isa = PBXBuildFile; fileRef = DD3578D41672DAAA009C02CD /* hongKongThumb.jpg */; };
		DD3578D91672DC75009C02CD /* jpLicks.jpg in Resources */ = {isa = PBXBuildFile; fileRef = DD3578D71672DC75009C02CD /* jpLicks.jpg */; };
		DD3578DA1672DC75009C02CD /* jpLicksThumb.jpg in Resources */ = {isa = PBXBuildFile; fileRef = DD3578D81672DC75009C02CD /* jpLicksThumb.jpg */; };
		DD3578DD1672DE09009C02CD /* johnHarvards.jpg in Resources */ = {isa = PBXBuildFile; fileRef = DD3578DB1672DE09009C02CD /* johnHarvards.jpg */; };
		DD3578DE1672DE09009C02CD /* johnHarvardsThumb.jpg in Resources */ = {isa = PBXBuildFile; fileRef = DD3578DC1672DE09009C02CD /* johnHarvardsThumb.jpg */; };
		DD3578E11672DF99009C02CD /* lamole.jpg in Resources */ = {isa = PBXBuildFile; fileRef = DD3578DF1672DF99009C02CD /* lamole.jpg */; };
		DD3578E21672DF99009C02CD /* lamoleThumb.jpg in Resources */ = {isa = PBXBuildFile; fileRef = DD3578E01672DF99009C02CD /* lamoleThumb.jpg */; };
		DD3578E51672E0B9009C02CD /* legal.jpg in Resources */ = {isa = PBXBuildFile; fileRef = DD3578E31672E0B9009C02CD /* legal.jpg */; };
		DD3578E61672E0B9009C02CD /* legalThumb.jpg in Resources */ = {isa = PBXBuildFile; fileRef = DD3578E41672E0B9009C02CD /* legalThumb.jpg */; };
		DD3578E91672E239009C02CD /* lizzys.jpg in Resources */ = {isa = PBXBuildFile; fileRef = DD3578E71672E239009C02CD /* lizzys.jpg */; };
		DD3578EA1672E239009C02CD /* lizzysThumb.jpg in Resources */ = {isa = PBXBuildFile; fileRef = DD3578E81672E239009C02CD /* lizzysThumb.jpg */; };
		DD3578ED1672E46A009C02CD /* midwest.jpg in Resources */ = {isa = PBXBuildFile; fileRef = DD3578EB1672E46A009C02CD /* midwest.jpg */; };
		DD3578EE1672E46A009C02CD /* midwestThumb.jpg in Resources */ = {isa = PBXBuildFile; fileRef = DD3578EC1672E46A009C02CD /* midwestThumb.jpg */; };
		DD3578F11672E692009C02CD /* noir.jpg in Resources */ = {isa = PBXBuildFile; fileRef = DD3578EF1672E692009C02CD /* noir.jpg */; };
		DD3578F21672E692009C02CD /* noirThumb.jpg in Resources */ = {isa = PBXBuildFile; fileRef = DD3578F01672E692009C02CD /* noirThumb.jpg */; };
		DD3578F51672EB16009C02CD /* nubar.jpg in Resources */ = {isa = PBXBuildFile; fileRef = DD3578F31672EB16009C02CD /* nubar.jpg */; };
		DD3578F61672EB16009C02CD /* nubarThumb.jpg in Resources */ = {isa = PBXBuildFile; fileRef = DD3578F41672EB16009C02CD /* nubarThumb.jpg */; };
		DD3578F91672ED27009C02CD /* oggi.jpg in Resources */ = {isa = PBXBuildFile; fileRef = DD3578F71672ED27009C02CD /* oggi.jpg */; };
		DD3578FA1672ED27009C02CD /* oggiThumb.jpg in Resources */ = {isa = PBXBuildFile; fileRef = DD3578F81672ED27009C02CD /* oggiThumb.jpg */; };
		DD3578FD1672F0EF009C02CD /* orinoco.jpg in Resources */ = {isa = PBXBuildFile; fileRef = DD3578FB1672F0EF009C02CD /* orinoco.jpg */; };
		DD3578FE1672F0EF009C02CD /* orinocoThumb.jpg in Resources */ = {isa = PBXBuildFile; fileRef = DD3578FC1672F0EF009C02CD /* orinocoThumb.jpg */; };
		DD3579011672F5BE009C02CD /* Panera.jpg in Resources */ = {isa = PBXBuildFile; fileRef = DD3578FF1672F5BE009C02CD /* Panera.jpg */; };
		DD3579021672F5BE009C02CD /* PaneraThumb.jpg in Resources */ = {isa = PBXBuildFile; fileRef = DD3579001672F5BE009C02CD /* PaneraThumb.jpg */; };
		DD3579051672F8BF009C02CD /* PARK.jpg in Resources */ = {isa = PBXBuildFile; fileRef = DD3579031672F8BF009C02CD /* PARK.jpg */; };
		DD3579061672F8BF009C02CD /* PARKThumb.jpg in Resources */ = {isa = PBXBuildFile; fileRef = DD3579041672F8BF009C02CD /* PARKThumb.jpg */; };
		DD3579091672FB03009C02CD /* peets.jpg in Resources */ = {isa = PBXBuildFile; fileRef = DD3579071672FB03009C02CD /* peets.jpg */; };
		DD35790A1672FB03009C02CD /* peetsThumb.jpg in Resources */ = {isa = PBXBuildFile; fileRef = DD3579081672FB03009C02CD /* peetsThumb.jpg */; };
		DD35790D1672FC95009C02CD /* pinkberry.jpg in Resources */ = {isa = PBXBuildFile; fileRef = DD35790B1672FC95009C02CD /* pinkberry.jpg */; };
		DD35790E1672FC95009C02CD /* pinkberryThumb.jpg in Resources */ = {isa = PBXBuildFile; fileRef = DD35790C1672FC95009C02CD /* pinkberryThumb.jpg */; };
		DD3579111672FE29009C02CD /* qdoba.jpg in Resources */ = {isa = PBXBuildFile; fileRef = DD35790F1672FE29009C02CD /* qdoba.jpg */; };
		DD3579121672FE29009C02CD /* qdobaThumb.jpg in Resources */ = {isa = PBXBuildFile; fileRef = DD3579101672FE29009C02CD /* qdobaThumb.jpg */; };
		DD3579151672FFFF009C02CD /* rialto.jpg in Resources */ = {isa = PBXBuildFile; fileRef = DD3579131672FFFF009C02CD /* rialto.jpg */; };
		DD3579161672FFFF009C02CD /* rialtoThumb.jpg in Resources */ = {isa = PBXBuildFile; fileRef = DD3579141672FFFF009C02CD /* rialtoThumb.jpg */; };
		DD35791916730216009C02CD /* russellHouse.jpg in Resources */ = {isa = PBXBuildFile; fileRef = DD35791716730216009C02CD /* russellHouse.jpg */; };
		DD35791A16730216009C02CD /* russellHouseThumb.jpg in Resources */ = {isa = PBXBuildFile; fileRef = DD35791816730216009C02CD /* russellHouseThumb.jpg */; };
		DD35791D167305AE009C02CD /* sabra.jpg in Resources */ = {isa = PBXBuildFile; fileRef = DD35791B167305AE009C02CD /* sabra.jpg */; };
		DD35791E167305AE009C02CD /* sabraThumb.jpg in Resources */ = {isa = PBXBuildFile; fileRef = DD35791C167305AE009C02CD /* sabraThumb.jpg */; };
		DD357921167307C0009C02CD /* sandrines.jpg in Resources */ = {isa = PBXBuildFile; fileRef = DD35791F167307C0009C02CD /* sandrines.jpg */; };
		DD357922167307C0009C02CD /* sandrinesThumb.jpg in Resources */ = {isa = PBXBuildFile; fileRef = DD357920167307C0009C02CD /* sandrinesThumb.jpg */; };
		DD35792516730A94009C02CD /* shabuya.jpg in Resources */ = {isa = PBXBuildFile; fileRef = DD35792316730A94009C02CD /* shabuya.jpg */; };
		DD35792616730A94009C02CD /* shabuyaThumb.jpg in Resources */ = {isa = PBXBuildFile; fileRef = DD35792416730A94009C02CD /* shabuyaThumb.jpg */; };
		DD35792916730C20009C02CD /* shays.jpg in Resources */ = {isa = PBXBuildFile; fileRef = DD35792716730C20009C02CD /* shays.jpg */; };
		DD35792A16730C20009C02CD /* shaysThumb.jpg in Resources */ = {isa = PBXBuildFile; fileRef = DD35792816730C20009C02CD /* shaysThumb.jpg */; };
		DD35792D16730DFA009C02CD /* spice.jpg in Resources */ = {isa = PBXBuildFile; fileRef = DD35792B16730DFA009C02CD /* spice.jpg */; };
		DD35792E16730DFA009C02CD /* spiceThumb.jpg in Resources */ = {isa = PBXBuildFile; fileRef = DD35792C16730DFA009C02CD /* spiceThumb.jpg */; };
		DD357932167311AF009C02CD /* subwayThumb.jpg in Resources */ = {isa = PBXBuildFile; fileRef = DD357930167311AF009C02CD /* subwayThumb.jpg */; };
		DD35793416731224009C02CD /* subway.jpg in Resources */ = {isa = PBXBuildFile; fileRef = DD35793316731224009C02CD /* subway.jpg */; };
		DD35793616731386009C02CD /* WhereToLogo.png in Resources */ = {isa = PBXBuildFile; fileRef = DD35793516731386009C02CD /* WhereToLogo.png */; };
		DD357938167313A6009C02CD /* WhereToLogoRetina.png in Resources */ = {isa = PBXBuildFile; fileRef = DD357937167313A6009C02CD /* WhereToLogoRetina.png */; };
		DD389902166ABA8A00231929 /* UIKit.framework in Frameworks */ = {isa = PBXBuildFile; fileRef = DD389901166ABA8A00231929 /* UIKit.framework */; };
		DD389904166ABA8A00231929 /* Foundation.framework in Frameworks */ = {isa = PBXBuildFile; fileRef = DD389903166ABA8A00231929 /* Foundation.framework */; };
		DD389906166ABA8A00231929 /* CoreGraphics.framework in Frameworks */ = {isa = PBXBuildFile; fileRef = DD389905166ABA8A00231929 /* CoreGraphics.framework */; };
		DD38990C166ABA8A00231929 /* InfoPlist.strings in Resources */ = {isa = PBXBuildFile; fileRef = DD38990A166ABA8A00231929 /* InfoPlist.strings */; };
		DD38990E166ABA8A00231929 /* main.m in Sources */ = {isa = PBXBuildFile; fileRef = DD38990D166ABA8A00231929 /* main.m */; };
		DD389912166ABA8A00231929 /* AppDelegate.m in Sources */ = {isa = PBXBuildFile; fileRef = DD389911166ABA8A00231929 /* AppDelegate.m */; };
		DD389914166ABA8A00231929 /* Default.png in Resources */ = {isa = PBXBuildFile; fileRef = DD389913166ABA8A00231929 /* Default.png */; };
		DD389916166ABA8A00231929 /* Default@2x.png in Resources */ = {isa = PBXBuildFile; fileRef = DD389915166ABA8A00231929 /* Default@2x.png */; };
		DD389918166ABA8A00231929 /* Default-568h@2x.png in Resources */ = {isa = PBXBuildFile; fileRef = DD389917166ABA8A00231929 /* Default-568h@2x.png */; };
		DD38991B166ABA8A00231929 /* MainStoryboard.storyboard in Resources */ = {isa = PBXBuildFile; fileRef = DD389919166ABA8A00231929 /* MainStoryboard.storyboard */; };
		DD38991E166ABA8A00231929 /* MasterViewController.m in Sources */ = {isa = PBXBuildFile; fileRef = DD38991D166ABA8A00231929 /* MasterViewController.m */; };
		DD389921166ABA8A00231929 /* DetailViewController.m in Sources */ = {isa = PBXBuildFile; fileRef = DD389920166ABA8A00231929 /* DetailViewController.m */; };
		DD38992B166ABABB00231929 /* EateryData.m in Sources */ = {isa = PBXBuildFile; fileRef = DD38992A166ABABB00231929 /* EateryData.m */; };
		DD38992E166ABAC400231929 /* EateryDoc.m in Sources */ = {isa = PBXBuildFile; fileRef = DD38992D166ABAC400231929 /* EateryDoc.m */; };
		DD38993D166AC84F00231929 /* AlsThumb.jpg in Resources */ = {isa = PBXBuildFile; fileRef = DD389939166AC84F00231929 /* AlsThumb.jpg */; };
		DD38993E166AC84F00231929 /* cvsThumb.jpg in Resources */ = {isa = PBXBuildFile; fileRef = DD38993A166AC84F00231929 /* cvsThumb.jpg */; };
		DD38993F166AC84F00231929 /* pinocchiosThumb.jpg in Resources */ = {isa = PBXBuildFile; fileRef = DD38993B166AC84F00231929 /* pinocchiosThumb.jpg */; };
		DD389940166AC84F00231929 /* ottoThumb.jpg in Resources */ = {isa = PBXBuildFile; fileRef = DD38993C166AC84F00231929 /* ottoThumb.jpg */; };
		DD389944166AEC9800231929 /* RateView.m in Sources */ = {isa = PBXBuildFile; fileRef = DD389943166AEC9800231929 /* RateView.m */; };
		DD389948166AECBD00231929 /* UIImageExtras.m in Sources */ = {isa = PBXBuildFile; fileRef = DD389947166AECBD00231929 /* UIImageExtras.m */; };
		DD38994D166AEDDB00231929 /* EmptyStar.png in Resources */ = {isa = PBXBuildFile; fileRef = DD38994A166AEDDB00231929 /* EmptyStar.png */; };
		DD38994E166AEDDB00231929 /* Star.png in Resources */ = {isa = PBXBuildFile; fileRef = DD38994B166AEDDB00231929 /* Star.png */; };
		DD38994F166AEDDB00231929 /* HalfStar.png in Resources */ = {isa = PBXBuildFile; fileRef = DD38994C166AEDDB00231929 /* HalfStar.png */; };
		DD389962166E95F300231929 /* Als.jpg in Resources */ = {isa = PBXBuildFile; fileRef = DD38995F166E95F300231929 /* Als.jpg */; };
		DD389963166E95F300231929 /* pinocchios.jpg in Resources */ = {isa = PBXBuildFile; fileRef = DD389960166E95F300231929 /* pinocchios.jpg */; };
		DD389964166E95F300231929 /* otto.jpg in Resources */ = {isa = PBXBuildFile; fileRef = DD389961166E95F300231929 /* otto.jpg */; };
		DD389A44166F69DD00231929 /* felipes.jpg in Resources */ = {isa = PBXBuildFile; fileRef = DD389A42166F69DD00231929 /* felipes.jpg */; };
		DD389A45166F69DD00231929 /* felipesThumb.jpg in Resources */ = {isa = PBXBuildFile; fileRef = DD389A43166F69DD00231929 /* felipesThumb.jpg */; };
		DD389A4A167023F600231929 /* Background.jpg in Resources */ = {isa = PBXBuildFile; fileRef = DD389A49167023F600231929 /* Background.jpg */; };
		DD389A4D16702BE800231929 /* Starbucks.jpg in Resources */ = {isa = PBXBuildFile; fileRef = DD389A4B16702BE800231929 /* Starbucks.jpg */; };
		DD389A4E16702BE800231929 /* StarbucksThumb.jpg in Resources */ = {isa = PBXBuildFile; fileRef = DD389A4C16702BE800231929 /* StarbucksThumb.jpg */; };
		DD389A551670307D00231929 /* mrBartleys.jpg in Resources */ = {isa = PBXBuildFile; fileRef = DD389A531670307D00231929 /* mrBartleys.jpg */; };
		DD389A561670307D00231929 /* mrBartleysThumb.jpg in Resources */ = {isa = PBXBuildFile; fileRef = DD389A541670307D00231929 /* mrBartleysThumb.jpg */; };
		DD389A5916704E1600231929 /* abp.jpg in Resources */ = {isa = PBXBuildFile; fileRef = DD389A5716704E1600231929 /* abp.jpg */; };
		DD389A5A16704E1700231929 /* abpThumb.jpg in Resources */ = {isa = PBXBuildFile; fileRef = DD389A5816704E1600231929 /* abpThumb.jpg */; };
		DD389A5D1670502900231929 /* bGood.jpg in Resources */ = {isa = PBXBuildFile; fileRef = DD389A5B1670502900231929 /* bGood.jpg */; };
		DD389A621670516D00231929 /* bGoodThumb.jpg in Resources */ = {isa = PBXBuildFile; fileRef = DD389A611670516D00231929 /* bGoodThumb.jpg */; };
		DD389A65167052FC00231929 /* benAndJerrys.jpg in Resources */ = {isa = PBXBuildFile; fileRef = DD389A63167052FC00231929 /* benAndJerrys.jpg */; };
		DD389A66167052FC00231929 /* benAndJerrysThumb.jpg in Resources */ = {isa = PBXBuildFile; fileRef = DD389A64167052FC00231929 /* benAndJerrysThumb.jpg */; };
		DD389A69167054B300231929 /* berryLine.jpg in Resources */ = {isa = PBXBuildFile; fileRef = DD389A67167054B300231929 /* berryLine.jpg */; };
		DD389A6A167054B300231929 /* berryLineThumb.jpg in Resources */ = {isa = PBXBuildFile; fileRef = DD389A68167054B300231929 /* berryLineThumb.jpg */; };
		DD389A6D1670565600231929 /* bertuccis.jpg in Resources */ = {isa = PBXBuildFile; fileRef = DD389A6B1670565600231929 /* bertuccis.jpg */; };
		DD389A6E1670565600231929 /* bertuccisThumb.jpg in Resources */ = {isa = PBXBuildFile; fileRef = DD389A6C1670565600231929 /* bertuccisThumb.jpg */; };
		DD389A72167057CC00231929 /* bolocoThumb.jpg in Resources */ = {isa = PBXBuildFile; fileRef = DD389A70167057CC00231929 /* bolocoThumb.jpg */; };
		DD389A741670582C00231929 /* boloco.jpg in Resources */ = {isa = PBXBuildFile; fileRef = DD389A731670582C00231929 /* boloco.jpg */; };
		DD389A77167059DB00231929 /* bonChon.jpg in Resources */ = {isa = PBXBuildFile; fileRef = DD389A75167059DA00231929 /* bonChon.jpg */; };
		DD389A78167059DB00231929 /* bonChonThumb.jpg in Resources */ = {isa = PBXBuildFile; fileRef = DD389A76167059DA00231929 /* bonChonThumb.jpg */; };
		DD389A7B16705CA300231929 /* borderCafe.jpg in Resources */ = {isa = PBXBuildFile; fileRef = DD389A7916705CA300231929 /* borderCafe.jpg */; };
		DD389A7C16705CA300231929 /* borderCafeThumb.jpg in Resources */ = {isa = PBXBuildFile; fileRef = DD389A7A16705CA300231929 /* borderCafeThumb.jpg */; };
		DD389A7F16705E3300231929 /* burdicks.jpg in Resources */ = {isa = PBXBuildFile; fileRef = DD389A7D16705E3300231929 /* burdicks.jpg */; };
		DD389A8016705E3300231929 /* burdicksThumb.jpg in Resources */ = {isa = PBXBuildFile; fileRef = DD389A7E16705E3300231929 /* burdicksThumb.jpg */; };
		DD389A831670600600231929 /* pamplona.jpg in Resources */ = {isa = PBXBuildFile; fileRef = DD389A811670600600231929 /* pamplona.jpg */; };
		DD389A841670600600231929 /* pamplonaThumb.jpg in Resources */ = {isa = PBXBuildFile; fileRef = DD389A821670600600231929 /* pamplonaThumb.jpg */; };
		DD389A87167062A400231929 /* sushi.jpg in Resources */ = {isa = PBXBuildFile; fileRef = DD389A85167062A400231929 /* sushi.jpg */; };
		DD389A88167062A400231929 /* sushiThumb.jpg in Resources */ = {isa = PBXBuildFile; fileRef = DD389A86167062A400231929 /* sushiThumb.jpg */; };
		DD389A8B1670642100231929 /* cambridge.jpg in Resources */ = {isa = PBXBuildFile; fileRef = DD389A891670642100231929 /* cambridge.jpg */; };
		DD389A8C1670642100231929 /* cambridgeThumb.jpg in Resources */ = {isa = PBXBuildFile; fileRef = DD389A8A1670642100231929 /* cambridgeThumb.jpg */; };
		DD389A8F1670664000231929 /* cardullos.jpg in Resources */ = {isa = PBXBuildFile; fileRef = DD389A8D1670664000231929 /* cardullos.jpg */; };
		DD389A901670664000231929 /* cardullosThumb.jpg in Resources */ = {isa = PBXBuildFile; fileRef = DD389A8E1670664000231929 /* cardullosThumb.jpg */; };
		DD389A9316706A0500231929 /* charlies.jpg in Resources */ = {isa = PBXBuildFile; fileRef = DD389A9116706A0500231929 /* charlies.jpg */; };
		DD389A9416706A0500231929 /* charliesThumb.jpg in Resources */ = {isa = PBXBuildFile; fileRef = DD389A9216706A0500231929 /* charliesThumb.jpg */; };
		DDA450771670768B00A53F25 /* chipotle.jpg in Resources */ = {isa = PBXBuildFile; fileRef = DDA450751670768B00A53F25 /* chipotle.jpg */; };
		DDA450781670768B00A53F25 /* chipotleThumb.jpg in Resources */ = {isa = PBXBuildFile; fileRef = DDA450761670768B00A53F25 /* chipotleThumb.jpg */; };
		DDA4507C167077DD00A53F25 /* chutneys.jpg in Resources */ = {isa = PBXBuildFile; fileRef = DDA4507A167077DD00A53F25 /* chutneys.jpg */; };
		DDA4507D167077DD00A53F25 /* chutneysThumb.jpg in Resources */ = {isa = PBXBuildFile; fileRef = DDA4507B167077DD00A53F25 /* chutneysThumb.jpg */; };
		DDA450801670797A00A53F25 /* clover.jpg in Resources */ = {isa = PBXBuildFile; fileRef = DDA4507E1670797A00A53F25 /* clover.jpg */; };
		DDA450811670797A00A53F25 /* cloverThumb.jpg in Resources */ = {isa = PBXBuildFile; fileRef = DDA4507F1670797A00A53F25 /* cloverThumb.jpg */; };
		DDA4508416707B3F00A53F25 /* crazyDoughs.jpg in Resources */ = {isa = PBXBuildFile; fileRef = DDA4508216707B3F00A53F25 /* crazyDoughs.jpg */; };
		DDA4508516707B3F00A53F25 /* crazyDoughsThumb.jpg in Resources */ = {isa = PBXBuildFile; fileRef = DDA4508316707B3F00A53F25 /* crazyDoughsThumb.jpg */; };
		DDA4508816707CDE00A53F25 /* crema.jpg in Resources */ = {isa = PBXBuildFile; fileRef = DDA4508616707CDE00A53F25 /* crema.jpg */; };
		DDA4508916707CDE00A53F25 /* cremaThumb.jpg in Resources */ = {isa = PBXBuildFile; fileRef = DDA4508716707CDE00A53F25 /* cremaThumb.jpg */; };
		DDA4508C16707F8800A53F25 /* dado.jpg in Resources */ = {isa = PBXBuildFile; fileRef = DDA4508A16707F8800A53F25 /* dado.jpg */; };
		DDA4508D16707F8800A53F25 /* dadoThumb.jpg in Resources */ = {isa = PBXBuildFile; fileRef = DDA4508B16707F8800A53F25 /* dadoThumb.jpg */; };
		DDA450901670818E00A53F25 /* darwins.jpg in Resources */ = {isa = PBXBuildFile; fileRef = DDA4508E1670818E00A53F25 /* darwins.jpg */; };
		DDA450911670818E00A53F25 /* darwinsThumb.jpg in Resources */ = {isa = PBXBuildFile; fileRef = DDA4508F1670818E00A53F25 /* darwinsThumb.jpg */; };
		DDA450981670831000A53F25 /* dunkin.jpg in Resources */ = {isa = PBXBuildFile; fileRef = DDA450961670831000A53F25 /* dunkin.jpg */; };
		DDA450991670831000A53F25 /* dunkinThumb.jpg in Resources */ = {isa = PBXBuildFile; fileRef = DDA450971670831000A53F25 /* dunkinThumb.jpg */; };
		DDA4509D1670859200A53F25 /* falafel.jpg in Resources */ = {isa = PBXBuildFile; fileRef = DDA4509B1670859200A53F25 /* falafel.jpg */; };
		DDA4509E1670859200A53F25 /* falafelThumb.jpg in Resources */ = {isa = PBXBuildFile; fileRef = DDA4509C1670859200A53F25 /* falafelThumb.jpg */; };
		DDA450A11670881700A53F25 /* finale.jpg in Resources */ = {isa = PBXBuildFile; fileRef = DDA4509F1670881700A53F25 /* finale.jpg */; };
		DDA450A21670881700A53F25 /* finaleThumb.jpg in Resources */ = {isa = PBXBuildFile; fileRef = DDA450A01670881700A53F25 /* finaleThumb.jpg */; };
		DDA450A71670916F00A53F25 /* MessageUI.framework in Frameworks */ = {isa = PBXBuildFile; fileRef = DDA450A61670916F00A53F25 /* MessageUI.framework */; };
		DDA450AA167095C400A53F25 /* annenberg.jpg in Resources */ = {isa = PBXBuildFile; fileRef = DDA450A8167095C400A53F25 /* annenberg.jpg */; };
		DDA450AB167095C400A53F25 /* annenbergThumb.jpg in Resources */ = {isa = PBXBuildFile; fileRef = DDA450A9167095C400A53F25 /* annenbergThumb.jpg */; };
/* End PBXBuildFile section */

/* Begin PBXFileReference section */
		DD3578B81672C9B6009C02CD /* fire.jpg */ = {isa = PBXFileReference; lastKnownFileType = image.jpeg; name = fire.jpg; path = ../../../../EateryPics/fire.jpg; sourceTree = "<group>"; };
		DD3578B91672C9B6009C02CD /* fireThumb.jpg */ = {isa = PBXFileReference; lastKnownFileType = image.jpeg; name = fireThumb.jpg; path = ../../../../EateryPics/fireThumb.jpg; sourceTree = "<group>"; };
		DD3578BD1672CC95009C02CD /* firstPrinter.jpg */ = {isa = PBXFileReference; lastKnownFileType = image.jpeg; name = firstPrinter.jpg; path = ../../../../EateryPics/firstPrinter.jpg; sourceTree = "<group>"; };
		DD3578BE1672CC95009C02CD /* firstPrinterThumb.jpg */ = {isa = PBXFileReference; lastKnownFileType = image.jpeg; name = firstPrinterThumb.jpg; path = ../../../../EateryPics/firstPrinterThumb.jpg; sourceTree = "<group>"; };
		DD3578C11672CE80009C02CD /* flatPatties.jpg */ = {isa = PBXFileReference; lastKnownFileType = image.jpeg; name = flatPatties.jpg; path = ../../../../EateryPics/flatPatties.jpg; sourceTree = "<group>"; };
		DD3578C21672CE80009C02CD /* flatPattiesThumb.jpg */ = {isa = PBXFileReference; lastKnownFileType = image.jpeg; name = flatPattiesThumb.jpg; path = ../../../../EateryPics/flatPattiesThumb.jpg; sourceTree = "<group>"; };
		DD3578C51672D107009C02CD /* grafton.jpg */ = {isa = PBXFileReference; lastKnownFileType = image.jpeg; name = grafton.jpg; path = ../../../../EateryPics/grafton.jpg; sourceTree = "<group>"; };
		DD3578C61672D107009C02CD /* graftonThumb.jpg */ = {isa = PBXFileReference; lastKnownFileType = image.jpeg; name = graftonThumb.jpg; path = ../../../../EateryPics/graftonThumb.jpg; sourceTree = "<group>"; };
		DD3578C91672D2D5009C02CD /* grendels.jpg */ = {isa = PBXFileReference; lastKnownFileType = image.jpeg; name = grendels.jpg; path = ../../../../EateryPics/grendels.jpg; sourceTree = "<group>"; };
		DD3578CA1672D2D5009C02CD /* grendelsThumb.jpg */ = {isa = PBXFileReference; lastKnownFileType = image.jpeg; name = grendelsThumb.jpg; path = ../../../../EateryPics/grendelsThumb.jpg; sourceTree = "<group>"; };
		DD3578CD1672D5BF009C02CD /* harvest.jpg */ = {isa = PBXFileReference; lastKnownFileType = image.jpeg; name = harvest.jpg; path = ../../../../EateryPics/harvest.jpg; sourceTree = "<group>"; };
		DD3578D11672D648009C02CD /* harvestThumb.jpg */ = {isa = PBXFileReference; lastKnownFileType = image.jpeg; name = harvestThumb.jpg; path = ../../../../EateryPics/harvestThumb.jpg; sourceTree = "<group>"; };
		DD3578D31672DAAA009C02CD /* hongKong.jpg */ = {isa = PBXFileReference; lastKnownFileType = image.jpeg; name = hongKong.jpg; path = ../../../../EateryPics/hongKong.jpg; sourceTree = "<group>"; };
		DD3578D41672DAAA009C02CD /* hongKongThumb.jpg */ = {isa = PBXFileReference; lastKnownFileType = image.jpeg; name = hongKongThumb.jpg; path = ../../../../EateryPics/hongKongThumb.jpg; sourceTree = "<group>"; };
		DD3578D71672DC75009C02CD /* jpLicks.jpg */ = {isa = PBXFileReference; lastKnownFileType = image.jpeg; name = jpLicks.jpg; path = ../../../../EateryPics/jpLicks.jpg; sourceTree = "<group>"; };
		DD3578D81672DC75009C02CD /* jpLicksThumb.jpg */ = {isa = PBXFileReference; lastKnownFileType = image.jpeg; name = jpLicksThumb.jpg; path = ../../../../EateryPics/jpLicksThumb.jpg; sourceTree = "<group>"; };
		DD3578DB1672DE09009C02CD /* johnHarvards.jpg */ = {isa = PBXFileReference; lastKnownFileType = image.jpeg; name = johnHarvards.jpg; path = ../../../../EateryPics/johnHarvards.jpg; sourceTree = "<group>"; };
		DD3578DC1672DE09009C02CD /* johnHarvardsThumb.jpg */ = {isa = PBXFileReference; lastKnownFileType = image.jpeg; name = johnHarvardsThumb.jpg; path = ../../../../EateryPics/johnHarvardsThumb.jpg; sourceTree = "<group>"; };
		DD3578DF1672DF99009C02CD /* lamole.jpg */ = {isa = PBXFileReference; lastKnownFileType = image.jpeg; name = lamole.jpg; path = ../../../../EateryPics/lamole.jpg; sourceTree = "<group>"; };
		DD3578E01672DF99009C02CD /* lamoleThumb.jpg */ = {isa = PBXFileReference; lastKnownFileType = image.jpeg; name = lamoleThumb.jpg; path = ../../../../EateryPics/lamoleThumb.jpg; sourceTree = "<group>"; };
		DD3578E31672E0B9009C02CD /* legal.jpg */ = {isa = PBXFileReference; lastKnownFileType = image.jpeg; name = legal.jpg; path = ../../../../EateryPics/legal.jpg; sourceTree = "<group>"; };
		DD3578E41672E0B9009C02CD /* legalThumb.jpg */ = {isa = PBXFileReference; lastKnownFileType = image.jpeg; name = legalThumb.jpg; path = ../../../../EateryPics/legalThumb.jpg; sourceTree = "<group>"; };
		DD3578E71672E239009C02CD /* lizzys.jpg */ = {isa = PBXFileReference; lastKnownFileType = image.jpeg; name = lizzys.jpg; path = ../../../../EateryPics/lizzys.jpg; sourceTree = "<group>"; };
		DD3578E81672E239009C02CD /* lizzysThumb.jpg */ = {isa = PBXFileReference; lastKnownFileType = image.jpeg; name = lizzysThumb.jpg; path = ../../../../EateryPics/lizzysThumb.jpg; sourceTree = "<group>"; };
		DD3578EB1672E46A009C02CD /* midwest.jpg */ = {isa = PBXFileReference; lastKnownFileType = image.jpeg; name = midwest.jpg; path = ../../../../EateryPics/midwest.jpg; sourceTree = "<group>"; };
		DD3578EC1672E46A009C02CD /* midwestThumb.jpg */ = {isa = PBXFileReference; lastKnownFileType = image.jpeg; name = midwestThumb.jpg; path = ../../../../EateryPics/midwestThumb.jpg; sourceTree = "<group>"; };
		DD3578EF1672E692009C02CD /* noir.jpg */ = {isa = PBXFileReference; lastKnownFileType = image.jpeg; name = noir.jpg; path = ../../../../EateryPics/noir.jpg; sourceTree = "<group>"; };
		DD3578F01672E692009C02CD /* noirThumb.jpg */ = {isa = PBXFileReference; lastKnownFileType = image.jpeg; name = noirThumb.jpg; path = ../../../../EateryPics/noirThumb.jpg; sourceTree = "<group>"; };
		DD3578F31672EB16009C02CD /* nubar.jpg */ = {isa = PBXFileReference; lastKnownFileType = image.jpeg; name = nubar.jpg; path = ../../../../EateryPics/nubar.jpg; sourceTree = "<group>"; };
		DD3578F41672EB16009C02CD /* nubarThumb.jpg */ = {isa = PBXFileReference; lastKnownFileType = image.jpeg; name = nubarThumb.jpg; path = ../../../../EateryPics/nubarThumb.jpg; sourceTree = "<group>"; };
		DD3578F71672ED27009C02CD /* oggi.jpg */ = {isa = PBXFileReference; lastKnownFileType = image.jpeg; name = oggi.jpg; path = ../../../../EateryPics/oggi.jpg; sourceTree = "<group>"; };
		DD3578F81672ED27009C02CD /* oggiThumb.jpg */ = {isa = PBXFileReference; lastKnownFileType = image.jpeg; name = oggiThumb.jpg; path = ../../../../EateryPics/oggiThumb.jpg; sourceTree = "<group>"; };
		DD3578FB1672F0EF009C02CD /* orinoco.jpg */ = {isa = PBXFileReference; lastKnownFileType = image.jpeg; name = orinoco.jpg; path = ../../../../EateryPics/orinoco.jpg; sourceTree = "<group>"; };
		DD3578FC1672F0EF009C02CD /* orinocoThumb.jpg */ = {isa = PBXFileReference; lastKnownFileType = image.jpeg; name = orinocoThumb.jpg; path = ../../../../EateryPics/orinocoThumb.jpg; sourceTree = "<group>"; };
		DD3578FF1672F5BE009C02CD /* Panera.jpg */ = {isa = PBXFileReference; lastKnownFileType = image.jpeg; name = Panera.jpg; path = ../../../../EateryPics/Panera.jpg; sourceTree = "<group>"; };
		DD3579001672F5BE009C02CD /* PaneraThumb.jpg */ = {isa = PBXFileReference; lastKnownFileType = image.jpeg; name = PaneraThumb.jpg; path = ../../../../EateryPics/PaneraThumb.jpg; sourceTree = "<group>"; };
		DD3579031672F8BF009C02CD /* PARK.jpg */ = {isa = PBXFileReference; lastKnownFileType = image.jpeg; name = PARK.jpg; path = ../../../../EateryPics/PARK.jpg; sourceTree = "<group>"; };
		DD3579041672F8BF009C02CD /* PARKThumb.jpg */ = {isa = PBXFileReference; lastKnownFileType = image.jpeg; name = PARKThumb.jpg; path = ../../../../EateryPics/PARKThumb.jpg; sourceTree = "<group>"; };
		DD3579071672FB03009C02CD /* peets.jpg */ = {isa = PBXFileReference; lastKnownFileType = image.jpeg; name = peets.jpg; path = ../../../../EateryPics/peets.jpg; sourceTree = "<group>"; };
		DD3579081672FB03009C02CD /* peetsThumb.jpg */ = {isa = PBXFileReference; lastKnownFileType = image.jpeg; name = peetsThumb.jpg; path = ../../../../EateryPics/peetsThumb.jpg; sourceTree = "<group>"; };
		DD35790B1672FC95009C02CD /* pinkberry.jpg */ = {isa = PBXFileReference; lastKnownFileType = image.jpeg; name = pinkberry.jpg; path = ../../../../EateryPics/pinkberry.jpg; sourceTree = "<group>"; };
		DD35790C1672FC95009C02CD /* pinkberryThumb.jpg */ = {isa = PBXFileReference; lastKnownFileType = image.jpeg; name = pinkberryThumb.jpg; path = ../../../../EateryPics/pinkberryThumb.jpg; sourceTree = "<group>"; };
		DD35790F1672FE29009C02CD /* qdoba.jpg */ = {isa = PBXFileReference; lastKnownFileType = image.jpeg; name = qdoba.jpg; path = ../../../../EateryPics/qdoba.jpg; sourceTree = "<group>"; };
		DD3579101672FE29009C02CD /* qdobaThumb.jpg */ = {isa = PBXFileReference; lastKnownFileType = image.jpeg; name = qdobaThumb.jpg; path = ../../../../EateryPics/qdobaThumb.jpg; sourceTree = "<group>"; };
		DD3579131672FFFF009C02CD /* rialto.jpg */ = {isa = PBXFileReference; lastKnownFileType = image.jpeg; name = rialto.jpg; path = ../../../../EateryPics/rialto.jpg; sourceTree = "<group>"; };
		DD3579141672FFFF009C02CD /* rialtoThumb.jpg */ = {isa = PBXFileReference; lastKnownFileType = image.jpeg; name = rialtoThumb.jpg; path = ../../../../EateryPics/rialtoThumb.jpg; sourceTree = "<group>"; };
		DD35791716730216009C02CD /* russellHouse.jpg */ = {isa = PBXFileReference; lastKnownFileType = image.jpeg; name = russellHouse.jpg; path = ../../../../EateryPics/russellHouse.jpg; sourceTree = "<group>"; };
		DD35791816730216009C02CD /* russellHouseThumb.jpg */ = {isa = PBXFileReference; lastKnownFileType = image.jpeg; name = russellHouseThumb.jpg; path = ../../../../EateryPics/russellHouseThumb.jpg; sourceTree = "<group>"; };
		DD35791B167305AE009C02CD /* sabra.jpg */ = {isa = PBXFileReference; lastKnownFileType = image.jpeg; name = sabra.jpg; path = ../../../../EateryPics/sabra.jpg; sourceTree = "<group>"; };
		DD35791C167305AE009C02CD /* sabraThumb.jpg */ = {isa = PBXFileReference; lastKnownFileType = image.jpeg; name = sabraThumb.jpg; path = ../../../../EateryPics/sabraThumb.jpg; sourceTree = "<group>"; };
		DD35791F167307C0009C02CD /* sandrines.jpg */ = {isa = PBXFileReference; lastKnownFileType = image.jpeg; name = sandrines.jpg; path = ../../../../EateryPics/sandrines.jpg; sourceTree = "<group>"; };
		DD357920167307C0009C02CD /* sandrinesThumb.jpg */ = {isa = PBXFileReference; lastKnownFileType = image.jpeg; name = sandrinesThumb.jpg; path = ../../../../EateryPics/sandrinesThumb.jpg; sourceTree = "<group>"; };
		DD35792316730A94009C02CD /* shabuya.jpg */ = {isa = PBXFileReference; lastKnownFileType = image.jpeg; name = shabuya.jpg; path = ../../../../EateryPics/shabuya.jpg; sourceTree = "<group>"; };
		DD35792416730A94009C02CD /* shabuyaThumb.jpg */ = {isa = PBXFileReference; lastKnownFileType = image.jpeg; name = shabuyaThumb.jpg; path = ../../../../EateryPics/shabuyaThumb.jpg; sourceTree = "<group>"; };
		DD35792716730C20009C02CD /* shays.jpg */ = {isa = PBXFileReference; lastKnownFileType = image.jpeg; name = shays.jpg; path = ../../../../EateryPics/shays.jpg; sourceTree = "<group>"; };
		DD35792816730C20009C02CD /* shaysThumb.jpg */ = {isa = PBXFileReference; lastKnownFileType = image.jpeg; name = shaysThumb.jpg; path = ../../../../EateryPics/shaysThumb.jpg; sourceTree = "<group>"; };
		DD35792B16730DFA009C02CD /* spice.jpg */ = {isa = PBXFileReference; lastKnownFileType = image.jpeg; name = spice.jpg; path = ../../../../EateryPics/spice.jpg; sourceTree = "<group>"; };
		DD35792C16730DFA009C02CD /* spiceThumb.jpg */ = {isa = PBXFileReference; lastKnownFileType = image.jpeg; name = spiceThumb.jpg; path = ../../../../EateryPics/spiceThumb.jpg; sourceTree = "<group>"; };
		DD357930167311AF009C02CD /* subwayThumb.jpg */ = {isa = PBXFileReference; lastKnownFileType = image.jpeg; name = subwayThumb.jpg; path = ../../../../EateryPics/subwayThumb.jpg; sourceTree = "<group>"; };
		DD35793316731224009C02CD /* subway.jpg */ = {isa = PBXFileReference; lastKnownFileType = image.jpeg; name = subway.jpg; path = ../../../../EateryPics/subway.jpg; sourceTree = "<group>"; };
		DD35793516731386009C02CD /* WhereToLogo.png */ = {isa = PBXFileReference; lastKnownFileType = image.png; path = WhereToLogo.png; sourceTree = "<group>"; };
		DD357937167313A6009C02CD /* WhereToLogoRetina.png */ = {isa = PBXFileReference; lastKnownFileType = image.png; path = WhereToLogoRetina.png; sourceTree = "<group>"; };
		DD3898FD166ABA8A00231929 /* WhereTo?.app */ = {isa = PBXFileReference; explicitFileType = wrapper.application; includeInIndex = 0; path = "WhereTo?.app"; sourceTree = BUILT_PRODUCTS_DIR; };
		DD389901166ABA8A00231929 /* UIKit.framework */ = {isa = PBXFileReference; lastKnownFileType = wrapper.framework; name = UIKit.framework; path = System/Library/Frameworks/UIKit.framework; sourceTree = SDKROOT; };
		DD389903166ABA8A00231929 /* Foundation.framework */ = {isa = PBXFileReference; lastKnownFileType = wrapper.framework; name = Foundation.framework; path = System/Library/Frameworks/Foundation.framework; sourceTree = SDKROOT; };
		DD389905166ABA8A00231929 /* CoreGraphics.framework */ = {isa = PBXFileReference; lastKnownFileType = wrapper.framework; name = CoreGraphics.framework; path = System/Library/Frameworks/CoreGraphics.framework; sourceTree = SDKROOT; };
		DD389909166ABA8A00231929 /* WhereTo?-Info.plist */ = {isa = PBXFileReference; lastKnownFileType = text.plist.xml; path = "WhereTo?-Info.plist"; sourceTree = "<group>"; };
		DD38990B166ABA8A00231929 /* en */ = {isa = PBXFileReference; lastKnownFileType = text.plist.strings; name = en; path = en.lproj/InfoPlist.strings; sourceTree = "<group>"; };
		DD38990D166ABA8A00231929 /* main.m */ = {isa = PBXFileReference; lastKnownFileType = sourcecode.c.objc; path = main.m; sourceTree = "<group>"; };
		DD38990F166ABA8A00231929 /* WhereTo?-Prefix.pch */ = {isa = PBXFileReference; lastKnownFileType = sourcecode.c.h; path = "WhereTo?-Prefix.pch"; sourceTree = "<group>"; };
		DD389910166ABA8A00231929 /* AppDelegate.h */ = {isa = PBXFileReference; lastKnownFileType = sourcecode.c.h; path = AppDelegate.h; sourceTree = "<group>"; };
		DD389911166ABA8A00231929 /* AppDelegate.m */ = {isa = PBXFileReference; lastKnownFileType = sourcecode.c.objc; path = AppDelegate.m; sourceTree = "<group>"; };
		DD389913166ABA8A00231929 /* Default.png */ = {isa = PBXFileReference; lastKnownFileType = image.png; path = Default.png; sourceTree = "<group>"; };
		DD389915166ABA8A00231929 /* Default@2x.png */ = {isa = PBXFileReference; lastKnownFileType = image.png; path = "Default@2x.png"; sourceTree = "<group>"; };
		DD389917166ABA8A00231929 /* Default-568h@2x.png */ = {isa = PBXFileReference; lastKnownFileType = image.png; path = "Default-568h@2x.png"; sourceTree = "<group>"; };
		DD38991A166ABA8A00231929 /* en */ = {isa = PBXFileReference; lastKnownFileType = file.storyboard; name = en; path = en.lproj/MainStoryboard.storyboard; sourceTree = "<group>"; };
		DD38991C166ABA8A00231929 /* MasterViewController.h */ = {isa = PBXFileReference; lastKnownFileType = sourcecode.c.h; path = MasterViewController.h; sourceTree = "<group>"; };
		DD38991D166ABA8A00231929 /* MasterViewController.m */ = {isa = PBXFileReference; lastKnownFileType = sourcecode.c.objc; path = MasterViewController.m; sourceTree = "<group>"; };
		DD38991F166ABA8A00231929 /* DetailViewController.h */ = {isa = PBXFileReference; lastKnownFileType = sourcecode.c.h; path = DetailViewController.h; sourceTree = "<group>"; };
		DD389920166ABA8A00231929 /* DetailViewController.m */ = {isa = PBXFileReference; lastKnownFileType = sourcecode.c.objc; path = DetailViewController.m; sourceTree = "<group>"; };
		DD389929166ABABB00231929 /* EateryData.h */ = {isa = PBXFileReference; fileEncoding = 4; lastKnownFileType = sourcecode.c.h; path = EateryData.h; sourceTree = "<group>"; };
		DD38992A166ABABB00231929 /* EateryData.m */ = {isa = PBXFileReference; fileEncoding = 4; lastKnownFileType = sourcecode.c.objc; path = EateryData.m; sourceTree = "<group>"; };
		DD38992C166ABAC400231929 /* EateryDoc.h */ = {isa = PBXFileReference; fileEncoding = 4; lastKnownFileType = sourcecode.c.h; path = EateryDoc.h; sourceTree = "<group>"; };
		DD38992D166ABAC400231929 /* EateryDoc.m */ = {isa = PBXFileReference; fileEncoding = 4; lastKnownFileType = sourcecode.c.objc; path = EateryDoc.m; sourceTree = "<group>"; };
		DD389939166AC84F00231929 /* AlsThumb.jpg */ = {isa = PBXFileReference; lastKnownFileType = image.jpeg; path = AlsThumb.jpg; sourceTree = "<group>"; };
		DD38993A166AC84F00231929 /* cvsThumb.jpg */ = {isa = PBXFileReference; lastKnownFileType = image.jpeg; path = cvsThumb.jpg; sourceTree = "<group>"; };
		DD38993B166AC84F00231929 /* pinocchiosThumb.jpg */ = {isa = PBXFileReference; lastKnownFileType = image.jpeg; path = pinocchiosThumb.jpg; sourceTree = "<group>"; };
		DD38993C166AC84F00231929 /* ottoThumb.jpg */ = {isa = PBXFileReference; lastKnownFileType = image.jpeg; path = ottoThumb.jpg; sourceTree = "<group>"; };
		DD389942166AEC9800231929 /* RateView.h */ = {isa = PBXFileReference; fileEncoding = 4; lastKnownFileType = sourcecode.c.h; path = RateView.h; sourceTree = "<group>"; };
		DD389943166AEC9800231929 /* RateView.m */ = {isa = PBXFileReference; fileEncoding = 4; lastKnownFileType = sourcecode.c.objc; path = RateView.m; sourceTree = "<group>"; };
		DD389946166AECBD00231929 /* UIImageExtras.h */ = {isa = PBXFileReference; fileEncoding = 4; lastKnownFileType = sourcecode.c.h; path = UIImageExtras.h; sourceTree = "<group>"; };
		DD389947166AECBD00231929 /* UIImageExtras.m */ = {isa = PBXFileReference; fileEncoding = 4; lastKnownFileType = sourcecode.c.objc; path = UIImageExtras.m; sourceTree = "<group>"; };
		DD38994A166AEDDB00231929 /* EmptyStar.png */ = {isa = PBXFileReference; lastKnownFileType = image.png; path = EmptyStar.png; sourceTree = "<group>"; };
		DD38994B166AEDDB00231929 /* Star.png */ = {isa = PBXFileReference; lastKnownFileType = image.png; path = Star.png; sourceTree = "<group>"; };
		DD38994C166AEDDB00231929 /* HalfStar.png */ = {isa = PBXFileReference; lastKnownFileType = image.png; path = HalfStar.png; sourceTree = "<group>"; };
		DD38995F166E95F300231929 /* Als.jpg */ = {isa = PBXFileReference; lastKnownFileType = image.jpeg; path = Als.jpg; sourceTree = "<group>"; };
		DD389960166E95F300231929 /* pinocchios.jpg */ = {isa = PBXFileReference; lastKnownFileType = image.jpeg; path = pinocchios.jpg; sourceTree = "<group>"; };
		DD389961166E95F300231929 /* otto.jpg */ = {isa = PBXFileReference; lastKnownFileType = image.jpeg; path = otto.jpg; sourceTree = "<group>"; };
		DD389A42166F69DD00231929 /* felipes.jpg */ = {isa = PBXFileReference; lastKnownFileType = image.jpeg; path = felipes.jpg; sourceTree = "<group>"; };
		DD389A43166F69DD00231929 /* felipesThumb.jpg */ = {isa = PBXFileReference; lastKnownFileType = image.jpeg; path = felipesThumb.jpg; sourceTree = "<group>"; };
		DD389A49167023F600231929 /* Background.jpg */ = {isa = PBXFileReference; lastKnownFileType = image.jpeg; path = Background.jpg; sourceTree = "<group>"; };
		DD389A4B16702BE800231929 /* Starbucks.jpg */ = {isa = PBXFileReference; lastKnownFileType = image.jpeg; path = Starbucks.jpg; sourceTree = "<group>"; };
		DD389A4C16702BE800231929 /* StarbucksThumb.jpg */ = {isa = PBXFileReference; lastKnownFileType = image.jpeg; path = StarbucksThumb.jpg; sourceTree = "<group>"; };
		DD389A531670307D00231929 /* mrBartleys.jpg */ = {isa = PBXFileReference; lastKnownFileType = image.jpeg; path = mrBartleys.jpg; sourceTree = "<group>"; };
		DD389A541670307D00231929 /* mrBartleysThumb.jpg */ = {isa = PBXFileReference; lastKnownFileType = image.jpeg; path = mrBartleysThumb.jpg; sourceTree = "<group>"; };
		DD389A5716704E1600231929 /* abp.jpg */ = {isa = PBXFileReference; lastKnownFileType = image.jpeg; path = abp.jpg; sourceTree = "<group>"; };
		DD389A5816704E1600231929 /* abpThumb.jpg */ = {isa = PBXFileReference; lastKnownFileType = image.jpeg; path = abpThumb.jpg; sourceTree = "<group>"; };
		DD389A5B1670502900231929 /* bGood.jpg */ = {isa = PBXFileReference; lastKnownFileType = image.jpeg; path = bGood.jpg; sourceTree = "<group>"; };
		DD389A611670516D00231929 /* bGoodThumb.jpg */ = {isa = PBXFileReference; lastKnownFileType = image.jpeg; path = bGoodThumb.jpg; sourceTree = "<group>"; };
		DD389A63167052FC00231929 /* benAndJerrys.jpg */ = {isa = PBXFileReference; lastKnownFileType = image.jpeg; path = benAndJerrys.jpg; sourceTree = "<group>"; };
		DD389A64167052FC00231929 /* benAndJerrysThumb.jpg */ = {isa = PBXFileReference; lastKnownFileType = image.jpeg; path = benAndJerrysThumb.jpg; sourceTree = "<group>"; };
		DD389A67167054B300231929 /* berryLine.jpg */ = {isa = PBXFileReference; lastKnownFileType = image.jpeg; path = berryLine.jpg; sourceTree = "<group>"; };
		DD389A68167054B300231929 /* berryLineThumb.jpg */ = {isa = PBXFileReference; lastKnownFileType = image.jpeg; path = berryLineThumb.jpg; sourceTree = "<group>"; };
		DD389A6B1670565600231929 /* bertuccis.jpg */ = {isa = PBXFileReference; lastKnownFileType = image.jpeg; path = bertuccis.jpg; sourceTree = "<group>"; };
		DD389A6C1670565600231929 /* bertuccisThumb.jpg */ = {isa = PBXFileReference; lastKnownFileType = image.jpeg; path = bertuccisThumb.jpg; sourceTree = "<group>"; };
		DD389A70167057CC00231929 /* bolocoThumb.jpg */ = {isa = PBXFileReference; lastKnownFileType = image.jpeg; path = bolocoThumb.jpg; sourceTree = "<group>"; };
		DD389A731670582C00231929 /* boloco.jpg */ = {isa = PBXFileReference; lastKnownFileType = image.jpeg; path = boloco.jpg; sourceTree = "<group>"; };
		DD389A75167059DA00231929 /* bonChon.jpg */ = {isa = PBXFileReference; lastKnownFileType = image.jpeg; path = bonChon.jpg; sourceTree = "<group>"; };
		DD389A76167059DA00231929 /* bonChonThumb.jpg */ = {isa = PBXFileReference; lastKnownFileType = image.jpeg; path = bonChonThumb.jpg; sourceTree = "<group>"; };
		DD389A7916705CA300231929 /* borderCafe.jpg */ = {isa = PBXFileReference; lastKnownFileType = image.jpeg; path = borderCafe.jpg; sourceTree = "<group>"; };
		DD389A7A16705CA300231929 /* borderCafeThumb.jpg */ = {isa = PBXFileReference; lastKnownFileType = image.jpeg; path = borderCafeThumb.jpg; sourceTree = "<group>"; };
		DD389A7D16705E3300231929 /* burdicks.jpg */ = {isa = PBXFileReference; lastKnownFileType = image.jpeg; path = burdicks.jpg; sourceTree = "<group>"; };
		DD389A7E16705E3300231929 /* burdicksThumb.jpg */ = {isa = PBXFileReference; lastKnownFileType = image.jpeg; path = burdicksThumb.jpg; sourceTree = "<group>"; };
		DD389A811670600600231929 /* pamplona.jpg */ = {isa = PBXFileReference; lastKnownFileType = image.jpeg; path = pamplona.jpg; sourceTree = "<group>"; };
		DD389A821670600600231929 /* pamplonaThumb.jpg */ = {isa = PBXFileReference; lastKnownFileType = image.jpeg; path = pamplonaThumb.jpg; sourceTree = "<group>"; };
		DD389A85167062A400231929 /* sushi.jpg */ = {isa = PBXFileReference; lastKnownFileType = image.jpeg; path = sushi.jpg; sourceTree = "<group>"; };
		DD389A86167062A400231929 /* sushiThumb.jpg */ = {isa = PBXFileReference; lastKnownFileType = image.jpeg; path = sushiThumb.jpg; sourceTree = "<group>"; };
		DD389A891670642100231929 /* cambridge.jpg */ = {isa = PBXFileReference; lastKnownFileType = image.jpeg; path = cambridge.jpg; sourceTree = "<group>"; };
		DD389A8A1670642100231929 /* cambridgeThumb.jpg */ = {isa = PBXFileReference; lastKnownFileType = image.jpeg; path = cambridgeThumb.jpg; sourceTree = "<group>"; };
		DD389A8D1670664000231929 /* cardullos.jpg */ = {isa = PBXFileReference; lastKnownFileType = image.jpeg; path = cardullos.jpg; sourceTree = "<group>"; };
		DD389A8E1670664000231929 /* cardullosThumb.jpg */ = {isa = PBXFileReference; lastKnownFileType = image.jpeg; path = cardullosThumb.jpg; sourceTree = "<group>"; };
		DD389A9116706A0500231929 /* charlies.jpg */ = {isa = PBXFileReference; lastKnownFileType = image.jpeg; path = charlies.jpg; sourceTree = "<group>"; };
		DD389A9216706A0500231929 /* charliesThumb.jpg */ = {isa = PBXFileReference; lastKnownFileType = image.jpeg; path = charliesThumb.jpg; sourceTree = "<group>"; };
		DDA450751670768B00A53F25 /* chipotle.jpg */ = {isa = PBXFileReference; lastKnownFileType = image.jpeg; path = chipotle.jpg; sourceTree = "<group>"; };
		DDA450761670768B00A53F25 /* chipotleThumb.jpg */ = {isa = PBXFileReference; lastKnownFileType = image.jpeg; path = chipotleThumb.jpg; sourceTree = "<group>"; };
		DDA4507A167077DD00A53F25 /* chutneys.jpg */ = {isa = PBXFileReference; lastKnownFileType = image.jpeg; path = chutneys.jpg; sourceTree = "<group>"; };
		DDA4507B167077DD00A53F25 /* chutneysThumb.jpg */ = {isa = PBXFileReference; lastKnownFileType = image.jpeg; path = chutneysThumb.jpg; sourceTree = "<group>"; };
		DDA4507E1670797A00A53F25 /* clover.jpg */ = {isa = PBXFileReference; lastKnownFileType = image.jpeg; path = clover.jpg; sourceTree = "<group>"; };
		DDA4507F1670797A00A53F25 /* cloverThumb.jpg */ = {isa = PBXFileReference; lastKnownFileType = image.jpeg; path = cloverThumb.jpg; sourceTree = "<group>"; };
		DDA4508216707B3F00A53F25 /* crazyDoughs.jpg */ = {isa = PBXFileReference; lastKnownFileType = image.jpeg; path = crazyDoughs.jpg; sourceTree = "<group>"; };
		DDA4508316707B3F00A53F25 /* crazyDoughsThumb.jpg */ = {isa = PBXFileReference; lastKnownFileType = image.jpeg; path = crazyDoughsThumb.jpg; sourceTree = "<group>"; };
		DDA4508616707CDE00A53F25 /* crema.jpg */ = {isa = PBXFileReference; lastKnownFileType = image.jpeg; path = crema.jpg; sourceTree = "<group>"; };
		DDA4508716707CDE00A53F25 /* cremaThumb.jpg */ = {isa = PBXFileReference; lastKnownFileType = image.jpeg; path = cremaThumb.jpg; sourceTree = "<group>"; };
		DDA4508A16707F8800A53F25 /* dado.jpg */ = {isa = PBXFileReference; lastKnownFileType = image.jpeg; path = dado.jpg; sourceTree = "<group>"; };
		DDA4508B16707F8800A53F25 /* dadoThumb.jpg */ = {isa = PBXFileReference; lastKnownFileType = image.jpeg; path = dadoThumb.jpg; sourceTree = "<group>"; };
		DDA4508E1670818E00A53F25 /* darwins.jpg */ = {isa = PBXFileReference; lastKnownFileType = image.jpeg; path = darwins.jpg; sourceTree = "<group>"; };
		DDA4508F1670818E00A53F25 /* darwinsThumb.jpg */ = {isa = PBXFileReference; lastKnownFileType = image.jpeg; path = darwinsThumb.jpg; sourceTree = "<group>"; };
		DDA450961670831000A53F25 /* dunkin.jpg */ = {isa = PBXFileReference; lastKnownFileType = image.jpeg; path = dunkin.jpg; sourceTree = "<group>"; };
		DDA450971670831000A53F25 /* dunkinThumb.jpg */ = {isa = PBXFileReference; lastKnownFileType = image.jpeg; path = dunkinThumb.jpg; sourceTree = "<group>"; };
		DDA4509B1670859200A53F25 /* falafel.jpg */ = {isa = PBXFileReference; lastKnownFileType = image.jpeg; path = falafel.jpg; sourceTree = "<group>"; };
		DDA4509C1670859200A53F25 /* falafelThumb.jpg */ = {isa = PBXFileReference; lastKnownFileType = image.jpeg; path = falafelThumb.jpg; sourceTree = "<group>"; };
		DDA4509F1670881700A53F25 /* finale.jpg */ = {isa = PBXFileReference; lastKnownFileType = image.jpeg; path = finale.jpg; sourceTree = "<group>"; };
		DDA450A01670881700A53F25 /* finaleThumb.jpg */ = {isa = PBXFileReference; lastKnownFileType = image.jpeg; path = finaleThumb.jpg; sourceTree = "<group>"; };
		DDA450A61670916F00A53F25 /* MessageUI.framework */ = {isa = PBXFileReference; lastKnownFileType = wrapper.framework; name = MessageUI.framework; path = System/Library/Frameworks/MessageUI.framework; sourceTree = SDKROOT; };
		DDA450A8167095C400A53F25 /* annenberg.jpg */ = {isa = PBXFileReference; lastKnownFileType = image.jpeg; name = annenberg.jpg; path = ../../../../EateryPics/annenberg.jpg; sourceTree = "<group>"; };
		DDA450A9167095C400A53F25 /* annenbergThumb.jpg */ = {isa = PBXFileReference; lastKnownFileType = image.jpeg; name = annenbergThumb.jpg; path = ../../../../EateryPics/annenbergThumb.jpg; sourceTree = "<group>"; };
/* End PBXFileReference section */

/* Begin PBXFrameworksBuildPhase section */
		DD3898FA166ABA8A00231929 /* Frameworks */ = {
			isa = PBXFrameworksBuildPhase;
			buildActionMask = 2147483647;
			files = (
				DDA450A71670916F00A53F25 /* MessageUI.framework in Frameworks */,
				DD389902166ABA8A00231929 /* UIKit.framework in Frameworks */,
				DD389904166ABA8A00231929 /* Foundation.framework in Frameworks */,
				DD389906166ABA8A00231929 /* CoreGraphics.framework in Frameworks */,
			);
			runOnlyForDeploymentPostprocessing = 0;
		};
/* End PBXFrameworksBuildPhase section */

/* Begin PBXGroup section */
		DD3898F2166ABA8A00231929 = {
			isa = PBXGroup;
			children = (
				DD357937167313A6009C02CD /* WhereToLogoRetina.png */,
				DD35793516731386009C02CD /* WhereToLogo.png */,
				DD389938166AC84F00231929 /* EateryPics */,
				DD389907166ABA8A00231929 /* Can I Eat? */,
				DD389900166ABA8A00231929 /* Frameworks */,
				DD3898FE166ABA8A00231929 /* Products */,
			);
			sourceTree = "<group>";
		};
		DD3898FE166ABA8A00231929 /* Products */ = {
			isa = PBXGroup;
			children = (
				DD3898FD166ABA8A00231929 /* WhereTo?.app */,
			);
			name = Products;
			sourceTree = "<group>";
		};
		DD389900166ABA8A00231929 /* Frameworks */ = {
			isa = PBXGroup;
			children = (
				DDA450A61670916F00A53F25 /* MessageUI.framework */,
				DD389901166ABA8A00231929 /* UIKit.framework */,
				DD389903166ABA8A00231929 /* Foundation.framework */,
				DD389905166ABA8A00231929 /* CoreGraphics.framework */,
			);
			name = Frameworks;
			sourceTree = "<group>";
		};
		DD389907166ABA8A00231929 /* Can I Eat? */ = {
			isa = PBXGroup;
			children = (
				DD389949166AEDD200231929 /* Stars */,
				DD389945166AECAB00231929 /* Helpers */,
				DD389941166AEC7500231929 /* Views */,
				DD389928166ABAA500231929 /* Model */,
				DD389927166ABA9C00231929 /* GUI */,
				DD389908166ABA8A00231929 /* Supporting Files */,
			);
			path = "Can I Eat?";
			sourceTree = "<group>";
		};
		DD389908166ABA8A00231929 /* Supporting Files */ = {
			isa = PBXGroup;
			children = (
				DD389909166ABA8A00231929 /* WhereTo?-Info.plist */,
				DD38990A166ABA8A00231929 /* InfoPlist.strings */,
				DD38990D166ABA8A00231929 /* main.m */,
				DD38990F166ABA8A00231929 /* WhereTo?-Prefix.pch */,
				DD389913166ABA8A00231929 /* Default.png */,
				DD389915166ABA8A00231929 /* Default@2x.png */,
				DD389917166ABA8A00231929 /* Default-568h@2x.png */,
			);
			name = "Supporting Files";
			sourceTree = "<group>";
		};
		DD389927166ABA9C00231929 /* GUI */ = {
			isa = PBXGroup;
			children = (
				DD389910166ABA8A00231929 /* AppDelegate.h */,
				DD389911166ABA8A00231929 /* AppDelegate.m */,
				DD389919166ABA8A00231929 /* MainStoryboard.storyboard */,
				DD38991C166ABA8A00231929 /* MasterViewController.h */,
				DD38991D166ABA8A00231929 /* MasterViewController.m */,
				DD38991F166ABA8A00231929 /* DetailViewController.h */,
				DD389920166ABA8A00231929 /* DetailViewController.m */,
			);
			name = GUI;
			sourceTree = "<group>";
		};
		DD389928166ABAA500231929 /* Model */ = {
			isa = PBXGroup;
			children = (
				DD389929166ABABB00231929 /* EateryData.h */,
				DD38992A166ABABB00231929 /* EateryData.m */,
				DD38992C166ABAC400231929 /* EateryDoc.h */,
				DD38992D166ABAC400231929 /* EateryDoc.m */,
			);
			name = Model;
			sourceTree = "<group>";
		};
		DD389938166AC84F00231929 /* EateryPics */ = {
			isa = PBXGroup;
			children = (
				DD38995F166E95F300231929 /* Als.jpg */,
				DD389939166AC84F00231929 /* AlsThumb.jpg */,
				DDA450A8167095C400A53F25 /* annenberg.jpg */,
				DDA450A9167095C400A53F25 /* annenbergThumb.jpg */,
				DD389A5716704E1600231929 /* abp.jpg */,
				DD389A5816704E1600231929 /* abpThumb.jpg */,
				DD389A5B1670502900231929 /* bGood.jpg */,
				DD389A611670516D00231929 /* bGoodThumb.jpg */,
				DD389A63167052FC00231929 /* benAndJerrys.jpg */,
				DD389A64167052FC00231929 /* benAndJerrysThumb.jpg */,
				DD389A67167054B300231929 /* berryLine.jpg */,
				DD389A68167054B300231929 /* berryLineThumb.jpg */,
				DD389A6B1670565600231929 /* bertuccis.jpg */,
				DD389A6C1670565600231929 /* bertuccisThumb.jpg */,
				DD389A731670582C00231929 /* boloco.jpg */,
				DD389A70167057CC00231929 /* bolocoThumb.jpg */,
				DD389A75167059DA00231929 /* bonChon.jpg */,
				DD389A76167059DA00231929 /* bonChonThumb.jpg */,
				DD389A7916705CA300231929 /* borderCafe.jpg */,
				DD389A7A16705CA300231929 /* borderCafeThumb.jpg */,
				DD389A7D16705E3300231929 /* burdicks.jpg */,
				DD389A7E16705E3300231929 /* burdicksThumb.jpg */,
				DD389A891670642100231929 /* cambridge.jpg */,
				DD389A8A1670642100231929 /* cambridgeThumb.jpg */,
				DD389A8D1670664000231929 /* cardullos.jpg */,
				DD389A8E1670664000231929 /* cardullosThumb.jpg */,
				DD389A9116706A0500231929 /* charlies.jpg */,
				DD389A9216706A0500231929 /* charliesThumb.jpg */,
				DDA450751670768B00A53F25 /* chipotle.jpg */,
				DDA450761670768B00A53F25 /* chipotleThumb.jpg */,
				DDA4507A167077DD00A53F25 /* chutneys.jpg */,
				DDA4507B167077DD00A53F25 /* chutneysThumb.jpg */,
				DDA4507E1670797A00A53F25 /* clover.jpg */,
				DDA4507F1670797A00A53F25 /* cloverThumb.jpg */,
				DDA4508216707B3F00A53F25 /* crazyDoughs.jpg */,
				DDA4508316707B3F00A53F25 /* crazyDoughsThumb.jpg */,
				DDA4508616707CDE00A53F25 /* crema.jpg */,
				DDA4508716707CDE00A53F25 /* cremaThumb.jpg */,
				DDA4508A16707F8800A53F25 /* dado.jpg */,
				DDA4508B16707F8800A53F25 /* dadoThumb.jpg */,
				DDA4508E1670818E00A53F25 /* darwins.jpg */,
				DDA4508F1670818E00A53F25 /* darwinsThumb.jpg */,
				DDA450961670831000A53F25 /* dunkin.jpg */,
				DDA450971670831000A53F25 /* dunkinThumb.jpg */,
				DDA4509B1670859200A53F25 /* falafel.jpg */,
				DDA4509C1670859200A53F25 /* falafelThumb.jpg */,
				DD389A42166F69DD00231929 /* felipes.jpg */,
				DD389A43166F69DD00231929 /* felipesThumb.jpg */,
				DDA4509F1670881700A53F25 /* finale.jpg */,
				DDA450A01670881700A53F25 /* finaleThumb.jpg */,
				DD3578B81672C9B6009C02CD /* fire.jpg */,
				DD3578B91672C9B6009C02CD /* fireThumb.jpg */,
				DD3578BD1672CC95009C02CD /* firstPrinter.jpg */,
				DD3578BE1672CC95009C02CD /* firstPrinterThumb.jpg */,
				DD3578C11672CE80009C02CD /* flatPatties.jpg */,
				DD3578C21672CE80009C02CD /* flatPattiesThumb.jpg */,
				DD3578C51672D107009C02CD /* grafton.jpg */,
				DD3578C61672D107009C02CD /* graftonThumb.jpg */,
				DD3578C91672D2D5009C02CD /* grendels.jpg */,
				DD3578CA1672D2D5009C02CD /* grendelsThumb.jpg */,
				DD3578CD1672D5BF009C02CD /* harvest.jpg */,
				DD3578D11672D648009C02CD /* harvestThumb.jpg */,
				DD3578D31672DAAA009C02CD /* hongKong.jpg */,
				DD3578D41672DAAA009C02CD /* hongKongThumb.jpg */,
				DD3578D71672DC75009C02CD /* jpLicks.jpg */,
				DD3578D81672DC75009C02CD /* jpLicksThumb.jpg */,
				DD3578DB1672DE09009C02CD /* johnHarvards.jpg */,
				DD3578DC1672DE09009C02CD /* johnHarvardsThumb.jpg */,
				DD3578DF1672DF99009C02CD /* lamole.jpg */,
				DD3578E01672DF99009C02CD /* lamoleThumb.jpg */,
				DD3578E31672E0B9009C02CD /* legal.jpg */,
				DD3578E41672E0B9009C02CD /* legalThumb.jpg */,
				DD3578E71672E239009C02CD /* lizzys.jpg */,
				DD3578E81672E239009C02CD /* lizzysThumb.jpg */,
				DD3578EB1672E46A009C02CD /* midwest.jpg */,
				DD3578EC1672E46A009C02CD /* midwestThumb.jpg */,
				DD389A531670307D00231929 /* mrBartleys.jpg */,
				DD389A541670307D00231929 /* mrBartleysThumb.jpg */,
				DD3578EF1672E692009C02CD /* noir.jpg */,
				DD3578F01672E692009C02CD /* noirThumb.jpg */,
				DD3578F31672EB16009C02CD /* nubar.jpg */,
				DD3578F41672EB16009C02CD /* nubarThumb.jpg */,
				DD3578F71672ED27009C02CD /* oggi.jpg */,
				DD3578F81672ED27009C02CD /* oggiThumb.jpg */,
				DD3578FB1672F0EF009C02CD /* orinoco.jpg */,
				DD3578FC1672F0EF009C02CD /* orinocoThumb.jpg */,
				DD389961166E95F300231929 /* otto.jpg */,
				DD38993C166AC84F00231929 /* ottoThumb.jpg */,
				DD3578FF1672F5BE009C02CD /* Panera.jpg */,
				DD3579001672F5BE009C02CD /* PaneraThumb.jpg */,
				DD389A811670600600231929 /* pamplona.jpg */,
				DD389A821670600600231929 /* pamplonaThumb.jpg */,
				DD3579031672F8BF009C02CD /* PARK.jpg */,
				DD3579041672F8BF009C02CD /* PARKThumb.jpg */,
				DD3579071672FB03009C02CD /* peets.jpg */,
				DD3579081672FB03009C02CD /* peetsThumb.jpg */,
				DD35790B1672FC95009C02CD /* pinkberry.jpg */,
				DD35790C1672FC95009C02CD /* pinkberryThumb.jpg */,
				DD389960166E95F300231929 /* pinocchios.jpg */,
				DD38993B166AC84F00231929 /* pinocchiosThumb.jpg */,
				DD35790F1672FE29009C02CD /* qdoba.jpg */,
				DD3579101672FE29009C02CD /* qdobaThumb.jpg */,
				DD3579131672FFFF009C02CD /* rialto.jpg */,
				DD3579141672FFFF009C02CD /* rialtoThumb.jpg */,
				DD35791716730216009C02CD /* russellHouse.jpg */,
				DD35791816730216009C02CD /* russellHouseThumb.jpg */,
				DD35791B167305AE009C02CD /* sabra.jpg */,
				DD35791C167305AE009C02CD /* sabraThumb.jpg */,
				DD35791F167307C0009C02CD /* sandrines.jpg */,
				DD357920167307C0009C02CD /* sandrinesThumb.jpg */,
				DD35792316730A94009C02CD /* shabuya.jpg */,
				DD35792416730A94009C02CD /* shabuyaThumb.jpg */,
				DD35792716730C20009C02CD /* shays.jpg */,
				DD35792816730C20009C02CD /* shaysThumb.jpg */,
				DD35792B16730DFA009C02CD /* spice.jpg */,
				DD35792C16730DFA009C02CD /* spiceThumb.jpg */,
				DD38993A166AC84F00231929 /* cvsThumb.jpg */,
				DD389A4B16702BE800231929 /* Starbucks.jpg */,
				DD389A4C16702BE800231929 /* StarbucksThumb.jpg */,
				DD35793316731224009C02CD /* subway.jpg */,
				DD357930167311AF009C02CD /* subwayThumb.jpg */,
				DD389A85167062A400231929 /* sushi.jpg */,
				DD389A86167062A400231929 /* sushiThumb.jpg */,
				DD389A49167023F600231929 /* Background.jpg */,
			);
			path = EateryPics;
			sourceTree = "<group>";
		};
		DD389941166AEC7500231929 /* Views */ = {
			isa = PBXGroup;
			children = (
				DD389942166AEC9800231929 /* RateView.h */,
				DD389943166AEC9800231929 /* RateView.m */,
			);
			name = Views;
			sourceTree = "<group>";
		};
		DD389945166AECAB00231929 /* Helpers */ = {
			isa = PBXGroup;
			children = (
				DD389946166AECBD00231929 /* UIImageExtras.h */,
				DD389947166AECBD00231929 /* UIImageExtras.m */,
			);
			name = Helpers;
			sourceTree = "<group>";
		};
		DD389949166AEDD200231929 /* Stars */ = {
			isa = PBXGroup;
			children = (
				DD38994A166AEDDB00231929 /* EmptyStar.png */,
				DD38994B166AEDDB00231929 /* Star.png */,
				DD38994C166AEDDB00231929 /* HalfStar.png */,
			);
			name = Stars;
			sourceTree = "<group>";
		};
/* End PBXGroup section */

/* Begin PBXNativeTarget section */
		DD3898FC166ABA8A00231929 /* WhereTo? */ = {
			isa = PBXNativeTarget;
			buildConfigurationList = DD389924166ABA8A00231929 /* Build configuration list for PBXNativeTarget "WhereTo?" */;
			buildPhases = (
				DD3898F9166ABA8A00231929 /* Sources */,
				DD3898FA166ABA8A00231929 /* Frameworks */,
				DD3898FB166ABA8A00231929 /* Resources */,
			);
			buildRules = (
			);
			dependencies = (
			);
			name = "WhereTo?";
			productName = "Can I Eat?";
			productReference = DD3898FD166ABA8A00231929 /* WhereTo?.app */;
			productType = "com.apple.product-type.application";
		};
/* End PBXNativeTarget section */

/* Begin PBXProject section */
		DD3898F4166ABA8A00231929 /* Project object */ = {
			isa = PBXProject;
			attributes = {
				LastUpgradeCheck = 0450;
				ORGANIZATIONNAME = "Jeremy Sabath";
			};
			buildConfigurationList = DD3898F7166ABA8A00231929 /* Build configuration list for PBXProject "WhereTo?" */;
			compatibilityVersion = "Xcode 3.2";
			developmentRegion = English;
			hasScannedForEncodings = 0;
			knownRegions = (
				en,
			);
			mainGroup = DD3898F2166ABA8A00231929;
			productRefGroup = DD3898FE166ABA8A00231929 /* Products */;
			projectDirPath = "";
			projectRoot = "";
			targets = (
				DD3898FC166ABA8A00231929 /* WhereTo? */,
			);
		};
/* End PBXProject section */

/* Begin PBXResourcesBuildPhase section */
		DD3898FB166ABA8A00231929 /* Resources */ = {
			isa = PBXResourcesBuildPhase;
			buildActionMask = 2147483647;
			files = (
				DD38990C166ABA8A00231929 /* InfoPlist.strings in Resources */,
				DD389914166ABA8A00231929 /* Default.png in Resources */,
				DD389916166ABA8A00231929 /* Default@2x.png in Resources */,
				DD389918166ABA8A00231929 /* Default-568h@2x.png in Resources */,
				DD38991B166ABA8A00231929 /* MainStoryboard.storyboard in Resources */,
				DD38993D166AC84F00231929 /* AlsThumb.jpg in Resources */,
				DD38993E166AC84F00231929 /* cvsThumb.jpg in Resources */,
				DD38993F166AC84F00231929 /* pinocchiosThumb.jpg in Resources */,
				DD389940166AC84F00231929 /* ottoThumb.jpg in Resources */,
				DD38994D166AEDDB00231929 /* EmptyStar.png in Resources */,
				DD38994E166AEDDB00231929 /* Star.png in Resources */,
				DD38994F166AEDDB00231929 /* HalfStar.png in Resources */,
				DD389962166E95F300231929 /* Als.jpg in Resources */,
				DD389963166E95F300231929 /* pinocchios.jpg in Resources */,
				DD389964166E95F300231929 /* otto.jpg in Resources */,
				DD389A44166F69DD00231929 /* felipes.jpg in Resources */,
				DD389A45166F69DD00231929 /* felipesThumb.jpg in Resources */,
				DD389A4A167023F600231929 /* Background.jpg in Resources */,
				DD389A4D16702BE800231929 /* Starbucks.jpg in Resources */,
				DD389A4E16702BE800231929 /* StarbucksThumb.jpg in Resources */,
				DD389A551670307D00231929 /* mrBartleys.jpg in Resources */,
				DD389A561670307D00231929 /* mrBartleysThumb.jpg in Resources */,
				DD389A5916704E1600231929 /* abp.jpg in Resources */,
				DD389A5A16704E1700231929 /* abpThumb.jpg in Resources */,
				DD389A5D1670502900231929 /* bGood.jpg in Resources */,
				DD389A621670516D00231929 /* bGoodThumb.jpg in Resources */,
				DD389A65167052FC00231929 /* benAndJerrys.jpg in Resources */,
				DD389A66167052FC00231929 /* benAndJerrysThumb.jpg in Resources */,
				DD389A69167054B300231929 /* berryLine.jpg in Resources */,
				DD389A6A167054B300231929 /* berryLineThumb.jpg in Resources */,
				DD389A6D1670565600231929 /* bertuccis.jpg in Resources */,
				DD389A6E1670565600231929 /* bertuccisThumb.jpg in Resources */,
				DD389A72167057CC00231929 /* bolocoThumb.jpg in Resources */,
				DD389A741670582C00231929 /* boloco.jpg in Resources */,
				DD389A77167059DB00231929 /* bonChon.jpg in Resources */,
				DD389A78167059DB00231929 /* bonChonThumb.jpg in Resources */,
				DD389A7B16705CA300231929 /* borderCafe.jpg in Resources */,
				DD389A7C16705CA300231929 /* borderCafeThumb.jpg in Resources */,
				DD389A7F16705E3300231929 /* burdicks.jpg in Resources */,
				DD389A8016705E3300231929 /* burdicksThumb.jpg in Resources */,
				DD389A831670600600231929 /* pamplona.jpg in Resources */,
				DD389A841670600600231929 /* pamplonaThumb.jpg in Resources */,
				DD389A87167062A400231929 /* sushi.jpg in Resources */,
				DD389A88167062A400231929 /* sushiThumb.jpg in Resources */,
				DD389A8B1670642100231929 /* cambridge.jpg in Resources */,
				DD389A8C1670642100231929 /* cambridgeThumb.jpg in Resources */,
				DD389A8F1670664000231929 /* cardullos.jpg in Resources */,
				DD389A901670664000231929 /* cardullosThumb.jpg in Resources */,
				DD389A9316706A0500231929 /* charlies.jpg in Resources */,
				DD389A9416706A0500231929 /* charliesThumb.jpg in Resources */,
				DDA450771670768B00A53F25 /* chipotle.jpg in Resources */,
				DDA450781670768B00A53F25 /* chipotleThumb.jpg in Resources */,
				DDA4507C167077DD00A53F25 /* chutneys.jpg in Resources */,
				DDA4507D167077DD00A53F25 /* chutneysThumb.jpg in Resources */,
				DDA450801670797A00A53F25 /* clover.jpg in Resources */,
				DDA450811670797A00A53F25 /* cloverThumb.jpg in Resources */,
				DDA4508416707B3F00A53F25 /* crazyDoughs.jpg in Resources */,
				DDA4508516707B3F00A53F25 /* crazyDoughsThumb.jpg in Resources */,
				DDA4508816707CDE00A53F25 /* crema.jpg in Resources */,
				DDA4508916707CDE00A53F25 /* cremaThumb.jpg in Resources */,
				DDA4508C16707F8800A53F25 /* dado.jpg in Resources */,
				DDA4508D16707F8800A53F25 /* dadoThumb.jpg in Resources */,
				DDA450901670818E00A53F25 /* darwins.jpg in Resources */,
				DDA450911670818E00A53F25 /* darwinsThumb.jpg in Resources */,
				DDA450981670831000A53F25 /* dunkin.jpg in Resources */,
				DDA450991670831000A53F25 /* dunkinThumb.jpg in Resources */,
				DDA4509D1670859200A53F25 /* falafel.jpg in Resources */,
				DDA4509E1670859200A53F25 /* falafelThumb.jpg in Resources */,
				DDA450A11670881700A53F25 /* finale.jpg in Resources */,
				DDA450A21670881700A53F25 /* finaleThumb.jpg in Resources */,
				DDA450AA167095C400A53F25 /* annenberg.jpg in Resources */,
				DDA450AB167095C400A53F25 /* annenbergThumb.jpg in Resources */,
				DD3578BA1672C9B6009C02CD /* fire.jpg in Resources */,
				DD3578BB1672C9B6009C02CD /* fireThumb.jpg in Resources */,
				DD3578BF1672CC95009C02CD /* firstPrinter.jpg in Resources */,
				DD3578C01672CC95009C02CD /* firstPrinterThumb.jpg in Resources */,
				DD3578C31672CE80009C02CD /* flatPatties.jpg in Resources */,
				DD3578C41672CE80009C02CD /* flatPattiesThumb.jpg in Resources */,
				DD3578C71672D107009C02CD /* grafton.jpg in Resources */,
				DD3578C81672D107009C02CD /* graftonThumb.jpg in Resources */,
				DD3578CB1672D2D5009C02CD /* grendels.jpg in Resources */,
				DD3578CC1672D2D5009C02CD /* grendelsThumb.jpg in Resources */,
				DD3578CF1672D5BF009C02CD /* harvest.jpg in Resources */,
				DD3578D21672D648009C02CD /* harvestThumb.jpg in Resources */,
				DD3578D51672DAAA009C02CD /* hongKong.jpg in Resources */,
				DD3578D61672DAAA009C02CD /* hongKongThumb.jpg in Resources */,
				DD3578D91672DC75009C02CD /* jpLicks.jpg in Resources */,
				DD3578DA1672DC75009C02CD /* jpLicksThumb.jpg in Resources */,
				DD3578DD1672DE09009C02CD /* johnHarvards.jpg in Resources */,
				DD3578DE1672DE09009C02CD /* johnHarvardsThumb.jpg in Resources */,
				DD3578E11672DF99009C02CD /* lamole.jpg in Resources */,
				DD3578E21672DF99009C02CD /* lamoleThumb.jpg in Resources */,
				DD3578E51672E0B9009C02CD /* legal.jpg in Resources */,
				DD3578E61672E0B9009C02CD /* legalThumb.jpg in Resources */,
				DD3578E91672E239009C02CD /* lizzys.jpg in Resources */,
				DD3578EA1672E239009C02CD /* lizzysThumb.jpg in Resources */,
				DD3578ED1672E46A009C02CD /* midwest.jpg in Resources */,
				DD3578EE1672E46A009C02CD /* midwestThumb.jpg in Resources */,
				DD3578F11672E692009C02CD /* noir.jpg in Resources */,
				DD3578F21672E692009C02CD /* noirThumb.jpg in Resources */,
				DD3578F51672EB16009C02CD /* nubar.jpg in Resources */,
				DD3578F61672EB16009C02CD /* nubarThumb.jpg in Resources */,
				DD3578F91672ED27009C02CD /* oggi.jpg in Resources */,
				DD3578FA1672ED27009C02CD /* oggiThumb.jpg in Resources */,
				DD3578FD1672F0EF009C02CD /* orinoco.jpg in Resources */,
				DD3578FE1672F0EF009C02CD /* orinocoThumb.jpg in Resources */,
				DD3579011672F5BE009C02CD /* Panera.jpg in Resources */,
				DD3579021672F5BE009C02CD /* PaneraThumb.jpg in Resources */,
				DD3579051672F8BF009C02CD /* PARK.jpg in Resources */,
				DD3579061672F8BF009C02CD /* PARKThumb.jpg in Resources */,
				DD3579091672FB03009C02CD /* peets.jpg in Resources */,
				DD35790A1672FB03009C02CD /* peetsThumb.jpg in Resources */,
				DD35790D1672FC95009C02CD /* pinkberry.jpg in Resources */,
				DD35790E1672FC95009C02CD /* pinkberryThumb.jpg in Resources */,
				DD3579111672FE29009C02CD /* qdoba.jpg in Resources */,
				DD3579121672FE29009C02CD /* qdobaThumb.jpg in Resources */,
				DD3579151672FFFF009C02CD /* rialto.jpg in Resources */,
				DD3579161672FFFF009C02CD /* rialtoThumb.jpg in Resources */,
				DD35791916730216009C02CD /* russellHouse.jpg in Resources */,
				DD35791A16730216009C02CD /* russellHouseThumb.jpg in Resources */,
				DD35791D167305AE009C02CD /* sabra.jpg in Resources */,
				DD35791E167305AE009C02CD /* sabraThumb.jpg in Resources */,
				DD357921167307C0009C02CD /* sandrines.jpg in Resources */,
				DD357922167307C0009C02CD /* sandrinesThumb.jpg in Resources */,
				DD35792516730A94009C02CD /* shabuya.jpg in Resources */,
				DD35792616730A94009C02CD /* shabuyaThumb.jpg in Resources */,
				DD35792916730C20009C02CD /* shays.jpg in Resources */,
				DD35792A16730C20009C02CD /* shaysThumb.jpg in Resources */,
				DD35792D16730DFA009C02CD /* spice.jpg in Resources */,
				DD35792E16730DFA009C02CD /* spiceThumb.jpg in Resources */,
				DD357932167311AF009C02CD /* subwayThumb.jpg in Resources */,
				DD35793416731224009C02CD /* subway.jpg in Resources */,
				DD35793616731386009C02CD /* WhereToLogo.png in Resources */,
				DD357938167313A6009C02CD /* WhereToLogoRetina.png in Resources */,
			);
			runOnlyForDeploymentPostprocessing = 0;
		};
/* End PBXResourcesBuildPhase section */

/* Begin PBXSourcesBuildPhase section */
		DD3898F9166ABA8A00231929 /* Sources */ = {
			isa = PBXSourcesBuildPhase;
			buildActionMask = 2147483647;
			files = (
				DD38990E166ABA8A00231929 /* main.m in Sources */,
				DD389912166ABA8A00231929 /* AppDelegate.m in Sources */,
				DD38991E166ABA8A00231929 /* MasterViewController.m in Sources */,
				DD389921166ABA8A00231929 /* DetailViewController.m in Sources */,
				DD38992B166ABABB00231929 /* EateryData.m in Sources */,
				DD38992E166ABAC400231929 /* EateryDoc.m in Sources */,
				DD389944166AEC9800231929 /* RateView.m in Sources */,
				DD389948166AECBD00231929 /* UIImageExtras.m in Sources */,
			);
			runOnlyForDeploymentPostprocessing = 0;
		};
/* End PBXSourcesBuildPhase section */

/* Begin PBXVariantGroup section */
		DD38990A166ABA8A00231929 /* InfoPlist.strings */ = {
			isa = PBXVariantGroup;
			children = (
				DD38990B166ABA8A00231929 /* en */,
			);
			name = InfoPlist.strings;
			sourceTree = "<group>";
		};
		DD389919166ABA8A00231929 /* MainStoryboard.storyboard */ = {
			isa = PBXVariantGroup;
			children = (
				DD38991A166ABA8A00231929 /* en */,
			);
			name = MainStoryboard.storyboard;
			sourceTree = "<group>";
		};
/* End PBXVariantGroup section */

/* Begin XCBuildConfiguration section */
		DD389922166ABA8A00231929 /* Debug */ = {
			isa = XCBuildConfiguration;
			buildSettings = {
				ALWAYS_SEARCH_USER_PATHS = NO;
				CLANG_CXX_LANGUAGE_STANDARD = "gnu++0x";
				CLANG_CXX_LIBRARY = "libc++";
				CLANG_ENABLE_OBJC_ARC = YES;
				CLANG_WARN_EMPTY_BODY = YES;
				CLANG_WARN__DUPLICATE_METHOD_MATCH = YES;
				"CODE_SIGN_IDENTITY[sdk=iphoneos*]" = "iPhone Developer";
				COPY_PHASE_STRIP = NO;
				GCC_C_LANGUAGE_STANDARD = gnu99;
				GCC_DYNAMIC_NO_PIC = NO;
				GCC_OPTIMIZATION_LEVEL = 0;
				GCC_PREPROCESSOR_DEFINITIONS = (
					"DEBUG=1",
					"$(inherited)",
				);
				GCC_SYMBOLS_PRIVATE_EXTERN = NO;
				GCC_WARN_ABOUT_RETURN_TYPE = YES;
				GCC_WARN_UNINITIALIZED_AUTOS = YES;
				GCC_WARN_UNUSED_VARIABLE = YES;
				IPHONEOS_DEPLOYMENT_TARGET = 6.0;
				ONLY_ACTIVE_ARCH = YES;
				SDKROOT = iphoneos;
			};
			name = Debug;
		};
		DD389923166ABA8A00231929 /* Release */ = {
			isa = XCBuildConfiguration;
			buildSettings = {
				ALWAYS_SEARCH_USER_PATHS = NO;
				CLANG_CXX_LANGUAGE_STANDARD = "gnu++0x";
				CLANG_CXX_LIBRARY = "libc++";
				CLANG_ENABLE_OBJC_ARC = YES;
				CLANG_WARN_EMPTY_BODY = YES;
				CLANG_WARN__DUPLICATE_METHOD_MATCH = YES;
				"CODE_SIGN_IDENTITY[sdk=iphoneos*]" = "iPhone Developer";
				COPY_PHASE_STRIP = YES;
				GCC_C_LANGUAGE_STANDARD = gnu99;
				GCC_WARN_ABOUT_RETURN_TYPE = YES;
				GCC_WARN_UNINITIALIZED_AUTOS = YES;
				GCC_WARN_UNUSED_VARIABLE = YES;
				IPHONEOS_DEPLOYMENT_TARGET = 6.0;
				OTHER_CFLAGS = "-DNS_BLOCK_ASSERTIONS=1";
				SDKROOT = iphoneos;
				VALIDATE_PRODUCT = YES;
			};
			name = Release;
		};
		DD389925166ABA8A00231929 /* Debug */ = {
			isa = XCBuildConfiguration;
			buildSettings = {
				GCC_PRECOMPILE_PREFIX_HEADER = YES;
				GCC_PREFIX_HEADER = "Can I Eat?/WhereTo?-Prefix.pch";
				INFOPLIST_FILE = "Can I Eat?/WhereTo?-Info.plist";
				PRODUCT_NAME = "WhereTo?";
				WRAPPER_EXTENSION = app;
			};
			name = Debug;
		};
		DD389926166ABA8A00231929 /* Release */ = {
			isa = XCBuildConfiguration;
			buildSettings = {
				GCC_PRECOMPILE_PREFIX_HEADER = YES;
				GCC_PREFIX_HEADER = "Can I Eat?/WhereTo?-Prefix.pch";
				INFOPLIST_FILE = "Can I Eat?/WhereTo?-Info.plist";
				PRODUCT_NAME = "WhereTo?";
				WRAPPER_EXTENSION = app;
			};
			name = Release;
		};
/* End XCBuildConfiguration section */

/* Begin XCConfigurationList section */
		DD3898F7166ABA8A00231929 /* Build configuration list for PBXProject "WhereTo?" */ = {
			isa = XCConfigurationList;
			buildConfigurations = (
				DD389922166ABA8A00231929 /* Debug */,
				DD389923166ABA8A00231929 /* Release */,
			);
			defaultConfigurationIsVisible = 0;
			defaultConfigurationName = Release;
		};
		DD389924166ABA8A00231929 /* Build configuration list for PBXNativeTarget "WhereTo?" */ = {
			isa = XCConfigurationList;
			buildConfigurations = (
				DD389925166ABA8A00231929 /* Debug */,
				DD389926166ABA8A00231929 /* Release */,
			);
			defaultConfigurationIsVisible = 0;
			defaultConfigurationName = Release;
		};
/* End XCConfigurationList section */
	};
	rootObject = DD3898F4166ABA8A00231929 /* Project object */;
}
